// !$*UTF8*$!
{
	archiveVersion = 1;
	classes = {
	};
	objectVersion = 50;
	objects = {

/* Begin PBXBuildFile section */
		FC044175278E247A00677744 /* ListViewModel.swift in Sources */ = {isa = PBXBuildFile; fileRef = FC044174278E247A00677744 /* ListViewModel.swift */; };
		FC4F9CCF278C891B00A63657 /* ToDoListApp.swift in Sources */ = {isa = PBXBuildFile; fileRef = FC4F9CCE278C891B00A63657 /* ToDoListApp.swift */; };
		FC4F9CD3278C892C00A63657 /* Assets.xcassets in Resources */ = {isa = PBXBuildFile; fileRef = FC4F9CD2278C892C00A63657 /* Assets.xcassets */; };
		FC4F9CD6278C892C00A63657 /* Preview Assets.xcassets in Resources */ = {isa = PBXBuildFile; fileRef = FC4F9CD5278C892C00A63657 /* Preview Assets.xcassets */; };
		FC71B5BE278C8CF100AF9A22 /* ListView.swift in Sources */ = {isa = PBXBuildFile; fileRef = FC71B5BD278C8CF100AF9A22 /* ListView.swift */; };
		FCC5EEA027975A4B00FC31B9 /* NoItemsView.swift in Sources */ = {isa = PBXBuildFile; fileRef = FCC5EE9F27975A4B00FC31B9 /* NoItemsView.swift */; };
		FCEFE0FF278CD2BB00814A5F /* ListRowView.swift in Sources */ = {isa = PBXBuildFile; fileRef = FCEFE0FE278CD2BB00814A5F /* ListRowView.swift */; };
		FCEFE102278CD9C200814A5F /* AddView.swift in Sources */ = {isa = PBXBuildFile; fileRef = FCEFE101278CD9C200814A5F /* AddView.swift */; };
		FCEFE10B278CE5CA00814A5F /* ItemModel.swift in Sources */ = {isa = PBXBuildFile; fileRef = FCEFE10A278CE5CA00814A5F /* ItemModel.swift */; };
/* End PBXBuildFile section */

/* Begin PBXFileReference section */
		FC044174278E247A00677744 /* ListViewModel.swift */ = {isa = PBXFileReference; lastKnownFileType = sourcecode.swift; path = ListViewModel.swift; sourceTree = "<group>"; };
		FC4F9CCB278C891B00A63657 /* ToDoList.app */ = {isa = PBXFileReference; explicitFileType = wrapper.application; includeInIndex = 0; path = ToDoList.app; sourceTree = BUILT_PRODUCTS_DIR; };
		FC4F9CCE278C891B00A63657 /* ToDoListApp.swift */ = {isa = PBXFileReference; lastKnownFileType = sourcecode.swift; path = ToDoListApp.swift; sourceTree = "<group>"; };
		FC4F9CD2278C892C00A63657 /* Assets.xcassets */ = {isa = PBXFileReference; lastKnownFileType = folder.assetcatalog; path = Assets.xcassets; sourceTree = "<group>"; };
		FC4F9CD5278C892C00A63657 /* Preview Assets.xcassets */ = {isa = PBXFileReference; lastKnownFileType = folder.assetcatalog; path = "Preview Assets.xcassets"; sourceTree = "<group>"; };
		FC4F9CD7278C892C00A63657 /* Info.plist */ = {isa = PBXFileReference; lastKnownFileType = text.plist.xml; path = Info.plist; sourceTree = "<group>"; };
		FC71B5BD278C8CF100AF9A22 /* ListView.swift */ = {isa = PBXFileReference; lastKnownFileType = sourcecode.swift; path = ListView.swift; sourceTree = "<group>"; };
		FCC5EE9F27975A4B00FC31B9 /* NoItemsView.swift */ = {isa = PBXFileReference; lastKnownFileType = sourcecode.swift; path = NoItemsView.swift; sourceTree = "<group>"; };
		FCEFE0FE278CD2BB00814A5F /* ListRowView.swift */ = {isa = PBXFileReference; lastKnownFileType = sourcecode.swift; path = ListRowView.swift; sourceTree = "<group>"; };
		FCEFE101278CD9C200814A5F /* AddView.swift */ = {isa = PBXFileReference; lastKnownFileType = sourcecode.swift; path = AddView.swift; sourceTree = "<group>"; };
		FCEFE10A278CE5CA00814A5F /* ItemModel.swift */ = {isa = PBXFileReference; lastKnownFileType = sourcecode.swift; path = ItemModel.swift; sourceTree = "<group>"; };
/* End PBXFileReference section */

/* Begin PBXFrameworksBuildPhase section */
		FC4F9CC8278C891B00A63657 /* Frameworks */ = {
			isa = PBXFrameworksBuildPhase;
			buildActionMask = 2147483647;
			files = (
			);
			runOnlyForDeploymentPostprocessing = 0;
		};
/* End PBXFrameworksBuildPhase section */

/* Begin PBXGroup section */
		FC044173278E20D800677744 /* ViewModels */ = {
			isa = PBXGroup;
			children = (
				FC044174278E247A00677744 /* ListViewModel.swift */,
			);
			path = ViewModels;
			sourceTree = "<group>";
		};
		FC4F9CC2278C891B00A63657 = {
			isa = PBXGroup;
			children = (
				FC4F9CCD278C891B00A63657 /* ToDoList */,
				FC4F9CCC278C891B00A63657 /* Products */,
			);
			sourceTree = "<group>";
		};
		FC4F9CCC278C891B00A63657 /* Products */ = {
			isa = PBXGroup;
			children = (
				FC4F9CCB278C891B00A63657 /* ToDoList.app */,
			);
			name = Products;
			sourceTree = "<group>";
		};
		FC4F9CCD278C891B00A63657 /* ToDoList */ = {
			isa = PBXGroup;
			children = (
				FC4F9CCE278C891B00A63657 /* ToDoListApp.swift */,
				FC044173278E20D800677744 /* ViewModels */,
				FCEFE105278CE52B00814A5F /* Models */,
				FC71B5BC278C8CBC00AF9A22 /* Views */,
				FC4F9CD2278C892C00A63657 /* Assets.xcassets */,
				FC4F9CD7278C892C00A63657 /* Info.plist */,
				FC4F9CD4278C892C00A63657 /* Preview Content */,
			);
			path = ToDoList;
			sourceTree = "<group>";
		};
		FC4F9CD4278C892C00A63657 /* Preview Content */ = {
			isa = PBXGroup;
			children = (
				FC4F9CD5278C892C00A63657 /* Preview Assets.xcassets */,
			);
			path = "Preview Content";
			sourceTree = "<group>";
		};
		FC71B5BC278C8CBC00AF9A22 /* Views */ = {
			isa = PBXGroup;
			children = (
				FC71B5BD278C8CF100AF9A22 /* ListView.swift */,
				FCC5EE9F27975A4B00FC31B9 /* NoItemsView.swift */,
				FCEFE0FE278CD2BB00814A5F /* ListRowView.swift */,
				FCEFE101278CD9C200814A5F /* AddView.swift */,
			);
			path = Views;
			sourceTree = "<group>";
		};
		FCEFE105278CE52B00814A5F /* Models */ = {
			isa = PBXGroup;
			children = (
				FCEFE10A278CE5CA00814A5F /* ItemModel.swift */,
			);
			path = Models;
			sourceTree = "<group>";
		};
/* End PBXGroup section */

/* Begin PBXNativeTarget section */
		FC4F9CCA278C891B00A63657 /* ToDoList */ = {
			isa = PBXNativeTarget;
			buildConfigurationList = FC4F9CDA278C892C00A63657 /* Build configuration list for PBXNativeTarget "ToDoList" */;
			buildPhases = (
				FC4F9CC7278C891B00A63657 /* Sources */,
				FC4F9CC8278C891B00A63657 /* Frameworks */,
				FC4F9CC9278C891B00A63657 /* Resources */,
			);
			buildRules = (
			);
			dependencies = (
			);
			name = ToDoList;
			productName = ToDoList;
			productReference = FC4F9CCB278C891B00A63657 /* ToDoList.app */;
			productType = "com.apple.product-type.application";
		};
/* End PBXNativeTarget section */

/* Begin PBXProject section */
		FC4F9CC3278C891B00A63657 /* Project object */ = {
			isa = PBXProject;
			attributes = {
				LastSwiftUpdateCheck = 1240;
				LastUpgradeCheck = 1240;
				TargetAttributes = {
					FC4F9CCA278C891B00A63657 = {
						CreatedOnToolsVersion = 12.4;
					};
				};
			};
			buildConfigurationList = FC4F9CC6278C891B00A63657 /* Build configuration list for PBXProject "ToDoList" */;
			compatibilityVersion = "Xcode 9.3";
			developmentRegion = en;
			hasScannedForEncodings = 0;
			knownRegions = (
				en,
				Base,
			);
			mainGroup = FC4F9CC2278C891B00A63657;
			productRefGroup = FC4F9CCC278C891B00A63657 /* Products */;
			projectDirPath = "";
			projectRoot = "";
			targets = (
				FC4F9CCA278C891B00A63657 /* ToDoList */,
			);
		};
/* End PBXProject section */

/* Begin PBXResourcesBuildPhase section */
		FC4F9CC9278C891B00A63657 /* Resources */ = {
			isa = PBXResourcesBuildPhase;
			buildActionMask = 2147483647;
			files = (
				FC4F9CD6278C892C00A63657 /* Preview Assets.xcassets in Resources */,
				FC4F9CD3278C892C00A63657 /* Assets.xcassets in Resources */,
			);
			runOnlyForDeploymentPostprocessing = 0;
		};
/* End PBXResourcesBuildPhase section */

/* Begin PBXSourcesBuildPhase section */
		FC4F9CC7278C891B00A63657 /* Sources */ = {
			isa = PBXSourcesBuildPhase;
			buildActionMask = 2147483647;
			files = (
				FCEFE10B278CE5CA00814A5F /* ItemModel.swift in Sources */,
				FCEFE102278CD9C200814A5F /* AddView.swift in Sources */,
				FC044175278E247A00677744 /* ListViewModel.swift in Sources */,
				FC4F9CCF278C891B00A63657 /* ToDoListApp.swift in Sources */,
				FC71B5BE278C8CF100AF9A22 /* ListView.swift in Sources */,
				FCC5EEA027975A4B00FC31B9 /* NoItemsView.swift in Sources */,
				FCEFE0FF278CD2BB00814A5F /* ListRowView.swift in Sources */,
			);
			runOnlyForDeploymentPostprocessing = 0;
		};
/* End PBXSourcesBuildPhase section */

/* Begin XCBuildConfiguration section */
		FC4F9CD8278C892C00A63657 /* Debug */ = {
			isa = XCBuildConfiguration;
			buildSettings = {
				ALWAYS_SEARCH_USER_PATHS = NO;
				CLANG_ANALYZER_NONNULL = YES;
				CLANG_ANALYZER_NUMBER_OBJECT_CONVERSION = YES_AGGRESSIVE;
				CLANG_CXX_LANGUAGE_STANDARD = "gnu++14";
				CLANG_CXX_LIBRARY = "libc++";
				CLANG_ENABLE_MODULES = YES;
				CLANG_ENABLE_OBJC_ARC = YES;
				CLANG_ENABLE_OBJC_WEAK = YES;
				CLANG_WARN_BLOCK_CAPTURE_AUTORELEASING = YES;
				CLANG_WARN_BOOL_CONVERSION = YES;
				CLANG_WARN_COMMA = YES;
				CLANG_WARN_CONSTANT_CONVERSION = YES;
				CLANG_WARN_DEPRECATED_OBJC_IMPLEMENTATIONS = YES;
				CLANG_WARN_DIRECT_OBJC_ISA_USAGE = YES_ERROR;
				CLANG_WARN_DOCUMENTATION_COMMENTS = YES;
				CLANG_WARN_EMPTY_BODY = YES;
				CLANG_WARN_ENUM_CONVERSION = YES;
				CLANG_WARN_INFINITE_RECURSION = YES;
				CLANG_WARN_INT_CONVERSION = YES;
				CLANG_WARN_NON_LITERAL_NULL_CONVERSION = YES;
				CLANG_WARN_OBJC_IMPLICIT_RETAIN_SELF = YES;
				CLANG_WARN_OBJC_LITERAL_CONVERSION = YES;
				CLANG_WARN_OBJC_ROOT_CLASS = YES_ERROR;
				CLANG_WARN_QUOTED_INCLUDE_IN_FRAMEWORK_HEADER = YES;
				CLANG_WARN_RANGE_LOOP_ANALYSIS = YES;
				CLANG_WARN_STRICT_PROTOTYPES = YES;
				CLANG_WARN_SUSPICIOUS_MOVE = YES;
				CLANG_WARN_UNGUARDED_AVAILABILITY = YES_AGGRESSIVE;
				CLANG_WARN_UNREACHABLE_CODE = YES;
				CLANG_WARN__DUPLICATE_METHOD_MATCH = YES;
				COPY_PHASE_STRIP = NO;
				DEBUG_INFORMATION_FORMAT = dwarf;
				ENABLE_STRICT_OBJC_MSGSEND = YES;
				ENABLE_TESTABILITY = YES;
				GCC_C_LANGUAGE_STANDARD = gnu11;
				GCC_DYNAMIC_NO_PIC = NO;
				GCC_NO_COMMON_BLOCKS = YES;
				GCC_OPTIMIZATION_LEVEL = 0;
				GCC_PREPROCESSOR_DEFINITIONS = (
					"DEBUG=1",
					"$(inherited)",
				);
				GCC_WARN_64_TO_32_BIT_CONVERSION = YES;
				GCC_WARN_ABOUT_RETURN_TYPE = YES_ERROR;
				GCC_WARN_UNDECLARED_SELECTOR = YES;
				GCC_WARN_UNINITIALIZED_AUTOS = YES_AGGRESSIVE;
				GCC_WARN_UNUSED_FUNCTION = YES;
				GCC_WARN_UNUSED_VARIABLE = YES;
				IPHONEOS_DEPLOYMENT_TARGET = 14.4;
				MTL_ENABLE_DEBUG_INFO = INCLUDE_SOURCE;
				MTL_FAST_MATH = YES;
				ONLY_ACTIVE_ARCH = YES;
				SDKROOT = iphoneos;
				SWIFT_ACTIVE_COMPILATION_CONDITIONS = DEBUG;
				SWIFT_OPTIMIZATION_LEVEL = "-Onone";
			};
			name = Debug;
		};
		FC4F9CD9278C892C00A63657 /* Release */ = {
			isa = XCBuildConfiguration;
			buildSettings = {
				ALWAYS_SEARCH_USER_PATHS = NO;
				CLANG_ANALYZER_NONNULL = YES;
				CLANG_ANALYZER_NUMBER_OBJECT_CONVERSION = YES_AGGRESSIVE;
				CLANG_CXX_LANGUAGE_STANDARD = "gnu++14";
				CLANG_CXX_LIBRARY = "libc++";
				CLANG_ENABLE_MODULES = YES;
				CLANG_ENABLE_OBJC_ARC = YES;
				CLANG_ENABLE_OBJC_WEAK = YES;
				CLANG_WARN_BLOCK_CAPTURE_AUTORELEASING = YES;
				CLANG_WARN_BOOL_CONVERSION = YES;
				CLANG_WARN_COMMA = YES;
				CLANG_WARN_CONSTANT_CONVERSION = YES;
				CLANG_WARN_DEPRECATED_OBJC_IMPLEMENTATIONS = YES;
				CLANG_WARN_DIRECT_OBJC_ISA_USAGE = YES_ERROR;
				CLANG_WARN_DOCUMENTATION_COMMENTS = YES;
				CLANG_WARN_EMPTY_BODY = YES;
				CLANG_WARN_ENUM_CONVERSION = YES;
				CLANG_WARN_INFINITE_RECURSION = YES;
				CLANG_WARN_INT_CONVERSION = YES;
				CLANG_WARN_NON_LITERAL_NULL_CONVERSION = YES;
				CLANG_WARN_OBJC_IMPLICIT_RETAIN_SELF = YES;
				CLANG_WARN_OBJC_LITERAL_CONVERSION = YES;
				CLANG_WARN_OBJC_ROOT_CLASS = YES_ERROR;
				CLANG_WARN_QUOTED_INCLUDE_IN_FRAMEWORK_HEADER = YES;
				CLANG_WARN_RANGE_LOOP_ANALYSIS = YES;
				CLANG_WARN_STRICT_PROTOTYPES = YES;
				CLANG_WARN_SUSPICIOUS_MOVE = YES;
				CLANG_WARN_UNGUARDED_AVAILABILITY = YES_AGGRESSIVE;
				CLANG_WARN_UNREACHABLE_CODE = YES;
				CLANG_WARN__DUPLICATE_METHOD_MATCH = YES;
				COPY_PHASE_STRIP = NO;
				DEBUG_INFORMATION_FORMAT = "dwarf-with-dsym";
				ENABLE_NS_ASSERTIONS = NO;
				ENABLE_STRICT_OBJC_MSGSEND = YES;
				GCC_C_LANGUAGE_STANDARD = gnu11;
				GCC_NO_COMMON_BLOCKS = YES;
				GCC_WARN_64_TO_32_BIT_CONVERSION = YES;
				GCC_WARN_ABOUT_RETURN_TYPE = YES_ERROR;
				GCC_WARN_UNDECLARED_SELECTOR = YES;
				GCC_WARN_UNINITIALIZED_AUTOS = YES_AGGRESSIVE;
				GCC_WARN_UNUSED_FUNCTION = YES;
				GCC_WARN_UNUSED_VARIABLE = YES;
				IPHONEOS_DEPLOYMENT_TARGET = 14.4;
				MTL_ENABLE_DEBUG_INFO = NO;
				MTL_FAST_MATH = YES;
				SDKROOT = iphoneos;
				SWIFT_COMPILATION_MODE = wholemodule;
				SWIFT_OPTIMIZATION_LEVEL = "-O";
				VALIDATE_PRODUCT = YES;
			};
			name = Release;
		};
		FC4F9CDB278C892C00A63657 /* Debug */ = {
			isa = XCBuildConfiguration;
			buildSettings = {
				ASSETCATALOG_COMPILER_APPICON_NAME = AppIcon;
				ASSETCATALOG_COMPILER_GLOBAL_ACCENT_COLOR_NAME = AccentColor;
				CODE_SIGN_STYLE = Automatic;
				DEVELOPMENT_ASSET_PATHS = "\"ToDoList/Preview Content\"";
				DEVELOPMENT_TEAM = DP2357V4FR;
				ENABLE_PREVIEWS = YES;
				INFOPLIST_FILE = ToDoList/Info.plist;
				IPHONEOS_DEPLOYMENT_TARGET = 14.0;
				LD_RUNPATH_SEARCH_PATHS = (
					"$(inherited)",
					"@executable_path/Frameworks",
				);
				PRODUCT_BUNDLE_IDENTIFIER = herbin.ToDoList;
				PRODUCT_NAME = "$(TARGET_NAME)";
				SWIFT_VERSION = 5.0;
				TARGETED_DEVICE_FAMILY = "1,2";
			};
			name = Debug;
		};
		FC4F9CDC278C892C00A63657 /* Release */ = {
			isa = XCBuildConfiguration;
			buildSettings = {
				ASSETCATALOG_COMPILER_APPICON_NAME = AppIcon;
				ASSETCATALOG_COMPILER_GLOBAL_ACCENT_COLOR_NAME = AccentColor;
				CODE_SIGN_STYLE = Automatic;
				DEVELOPMENT_ASSET_PATHS = "\"ToDoList/Preview Content\"";
				DEVELOPMENT_TEAM = DP2357V4FR;
				ENABLE_PREVIEWS = YES;
				INFOPLIST_FILE = ToDoList/Info.plist;
				IPHONEOS_DEPLOYMENT_TARGET = 14.0;
				LD_RUNPATH_SEARCH_PATHS = (
					"$(inherited)",
					"@executable_path/Frameworks",
				);
				PRODUCT_BUNDLE_IDENTIFIER = herbin.ToDoList;
				PRODUCT_NAME = "$(TARGET_NAME)";
				SWIFT_VERSION = 5.0;
				TARGETED_DEVICE_FAMILY = "1,2";
			};
			name = Release;
		};
/* End XCBuildConfiguration section */

/* Begin XCConfigurationList section */
		FC4F9CC6278C891B00A63657 /* Build configuration list for PBXProject "ToDoList" */ = {
			isa = XCConfigurationList;
			buildConfigurations = (
				FC4F9CD8278C892C00A63657 /* Debug */,
				FC4F9CD9278C892C00A63657 /* Release */,
			);
			defaultConfigurationIsVisible = 0;
			defaultConfigurationName = Release;
		};
		FC4F9CDA278C892C00A63657 /* Build configuration list for PBXNativeTarget "ToDoList" */ = {
			isa = XCConfigurationList;
			buildConfigurations = (
				FC4F9CDB278C892C00A63657 /* Debug */,
				FC4F9CDC278C892C00A63657 /* Release */,
			);
			defaultConfigurationIsVisible = 0;
			defaultConfigurationName = Release;
		};
/* End XCConfigurationList section */
	};
	rootObject = FC4F9CC3278C891B00A63657 /* Project object */;
}
